{
  "name": "test-actions",
  "version": "1.0.6",
  "lockfileVersion": 3,
  "requires": true,
  "packages": {
    "": {
      "version": "1.0.6",
      "workspaces": {
        "packages": [
          "./packages/**"
        ]
      }
    },
    "node_modules/back": {
      "resolved": "packages/back",
      "link": true
    },
    "node_modules/front": {
      "resolved": "packages/front",
      "link": true
    },
    "packages/back": {},
    "packages/front": {}
  }
}
